
Microsoft Visual Studio Solution File, Format Version 12.00
# Visual Studio Version 16
VisualStudioVersion = 16.0.28803.452
MinimumVisualStudioVersion = 10.0.40219.1
Project("{2150E333-8FDC-42A3-9474-1A3956D46DE8}") = "sample", "sample", "{B82D79EE-58EA-44D5-9913-650BD9EFA8E0}"
EndProject
Project("{2150E333-8FDC-42A3-9474-1A3956D46DE8}") = "src", "src", "{68ED7CF2-8E33-460B-AF18-15143BF954F6}"
EndProject
Project("{9A19103F-16F7-4668-BE54-9A1E7A4F7556}") = "Ookii.Dialogs.WinForms", "src\Ookii.Dialogs.WinForms\Ookii.Dialogs.WinForms.csproj", "{779E62B3-C5A6-494D-9D87-96C0DEC7FFB0}"
EndProject
Project("{2150E333-8FDC-42A3-9474-1A3956D46DE8}") = "assets", "assets", "{22DAE784-2CFA-4C9C-99FE-3E9EF5760F2B}"
	ProjectSection(SolutionItems) = preProject
		.editorconfig = .editorconfig
		.gitattributes = .gitattributes
		.gitignore = .gitignore
		build.cake = build.cake
		build.cmd = build.cmd
		build.ps1 = build.ps1
		build.sh = build.sh
		cake.config = cake.config
		CODEOWNERS = CODEOWNERS
		global.json = global.json
		LICENSE = LICENSE
		nuget.config = nuget.config
		assets\ookii-dialogs.snk = assets\ookii-dialogs.snk
		README.md = README.md
		SECURITY.md = SECURITY.md
	EndProjectSection
EndProject
Project("{9A19103F-16F7-4668-BE54-9A1E7A4F7556}") = "Ookii.Dialogs.WinForms.SampleNet50", "sample\net5.0\Ookii.Dialogs.WinForms.SampleNet50.csproj", "{0E90268B-720E-40C0-8A2F-6EA409451CCB}"
EndProject
Project("{9A19103F-16F7-4668-BE54-9A1E7A4F7556}") = "Ookii.Dialogs.WinForms.SampleNet461", "sample\net461\Ookii.Dialogs.WinForms.SampleNet461.csproj", "{AE0A9FDB-2BFF-4647-A1DB-4B6D17AC443D}"
EndProject
Project("{9A19103F-16F7-4668-BE54-9A1E7A4F7556}") = "Ookii.Dialogs.WinForms.SampleNetCoreApp31", "sample\netcoreapp3.1\Ookii.Dialogs.WinForms.SampleNetCoreApp31.csproj", "{01648956-1C06-4B52-914E-C370DA4EE881}"
EndProject
Project("{FAE04EC0-301F-11D3-BF4B-00C04F79EFBC}") = "Ookii.Dialogs.WindowsForms", "src\Ookii.Dialogs.WindowsForms\Ookii.Dialogs.WindowsForms.csproj", "{732A304D-AA7E-4768-AAE3-5021EF3BFD3F}"
EndProject
Global
	GlobalSection(SolutionConfigurationPlatforms) = preSolution
		Debug|Any CPU = Debug|Any CPU
		Release|Any CPU = Release|Any CPU
	EndGlobalSection
	GlobalSection(ProjectConfigurationPlatforms) = postSolution
		{779E62B3-C5A6-494D-9D87-96C0DEC7FFB0}.Debug|Any CPU.ActiveCfg = Debug|Any CPU
		{779E62B3-C5A6-494D-9D87-96C0DEC7FFB0}.Debug|Any CPU.Build.0 = Debug|Any CPU
		{779E62B3-C5A6-494D-9D87-96C0DEC7FFB0}.Release|Any CPU.ActiveCfg = Release|Any CPU
		{779E62B3-C5A6-494D-9D87-96C0DEC7FFB0}.Release|Any CPU.Build.0 = Release|Any CPU
		{0E90268B-720E-40C0-8A2F-6EA409451CCB}.Debug|Any CPU.ActiveCfg = Debug|Any CPU
		{0E90268B-720E-40C0-8A2F-6EA409451CCB}.Debug|Any CPU.Build.0 = Debug|Any CPU
		{0E90268B-720E-40C0-8A2F-6EA409451CCB}.Release|Any CPU.ActiveCfg = Release|Any CPU
		{0E90268B-720E-40C0-8A2F-6EA409451CCB}.Release|Any CPU.Build.0 = Release|Any CPU
		{AE0A9FDB-2BFF-4647-A1DB-4B6D17AC443D}.Debug|Any CPU.ActiveCfg = Debug|Any CPU
		{AE0A9FDB-2BFF-4647-A1DB-4B6D17AC443D}.Debug|Any CPU.Build.0 = Debug|Any CPU
		{AE0A9FDB-2BFF-4647-A1DB-4B6D17AC443D}.Release|Any CPU.ActiveCfg = Release|Any CPU
		{AE0A9FDB-2BFF-4647-A1DB-4B6D17AC443D}.Release|Any CPU.Build.0 = Release|Any CPU
		{01648956-1C06-4B52-914E-C370DA4EE881}.Debug|Any CPU.ActiveCfg = Debug|Any CPU
		{01648956-1C06-4B52-914E-C370DA4EE881}.Debug|Any CPU.Build.0 = Debug|Any CPU
		{01648956-1C06-4B52-914E-C370DA4EE881}.Release|Any CPU.ActiveCfg = Release|Any CPU
		{01648956-1C06-4B52-914E-C370DA4EE881}.Release|Any CPU.Build.0 = Release|Any CPU
		{732A304D-AA7E-4768-AAE3-5021EF3BFD3F}.Debug|Any CPU.ActiveCfg = Debug|Any CPU
		{732A304D-AA7E-4768-AAE3-5021EF3BFD3F}.Debug|Any CPU.Build.0 = Debug|Any CPU
		{732A304D-AA7E-4768-AAE3-5021EF3BFD3F}.Release|Any CPU.ActiveCfg = Release|Any CPU
		{732A304D-AA7E-4768-AAE3-5021EF3BFD3F}.Release|Any CPU.Build.0 = Release|Any CPU
	EndGlobalSection
	GlobalSection(SolutionProperties) = preSolution
		HideSolutionNode = FALSE
	EndGlobalSection
	GlobalSection(NestedProjects) = preSolution
		{779E62B3-C5A6-494D-9D87-96C0DEC7FFB0} = {68ED7CF2-8E33-460B-AF18-15143BF954F6}
		{0E90268B-720E-40C0-8A2F-6EA409451CCB} = {B82D79EE-58EA-44D5-9913-650BD9EFA8E0}
		{AE0A9FDB-2BFF-4647-A1DB-4B6D17AC443D} = {B82D79EE-58EA-44D5-9913-650BD9EFA8E0}
		{01648956-1C06-4B52-914E-C370DA4EE881} = {B82D79EE-58EA-44D5-9913-650BD9EFA8E0}
		{732A304D-AA7E-4768-AAE3-5021EF3BFD3F} = {68ED7CF2-8E33-460B-AF18-15143BF954F6}
	EndGlobalSection
	GlobalSection(ExtensibilityGlobals) = postSolution
		SolutionGuid = {223C1782-9064-416B-B539-EEBCABF427F5}
	EndGlobalSection
EndGlobal
