
Microsoft Visual Studio Solution File, Format Version 12.00
# Visual Studio 15
VisualStudioVersion = 15.0.28010.2041
MinimumVisualStudioVersion = 10.0.40219.1
Project("{2150E333-8FDC-42A3-9474-1A3956D46DE8}") = "Windows Forms", "Windows Forms", "{68ED7CF2-8E33-460B-AF18-15143BF954F6}"
EndProject
Project("{FAE04EC0-301F-11D3-BF4B-00C04F79EFBC}") = "Ookii.Dialogs", "Ookii.Dialogs\Ookii.Dialogs.csproj", "{779E62B3-C5A6-494D-9D87-96C0DEC7FFB0}"
EndProject
Project("{FAE04EC0-301F-11D3-BF4B-00C04F79EFBC}") = "Ookii.Dialogs.Sample", "Ookii.Dialogs.Sample\Ookii.Dialogs.Sample.csproj", "{D52F3B1C-03B3-41B1-A15E-E23FF6877939}"
EndProject
Global
	GlobalSection(SolutionConfigurationPlatforms) = preSolution
		Debug|Any CPU = Debug|Any CPU
		Release|Any CPU = Release|Any CPU
	EndGlobalSection
	GlobalSection(ProjectConfigurationPlatforms) = postSolution
		{779E62B3-C5A6-494D-9D87-96C0DEC7FFB0}.Debug|Any CPU.ActiveCfg = Debug|Any CPU
		{779E62B3-C5A6-494D-9D87-96C0DEC7FFB0}.Debug|Any CPU.Build.0 = Debug|Any CPU
		{779E62B3-C5A6-494D-9D87-96C0DEC7FFB0}.Release|Any CPU.ActiveCfg = Release|Any CPU
		{779E62B3-C5A6-494D-9D87-96C0DEC7FFB0}.Release|Any CPU.Build.0 = Release|Any CPU
		{D52F3B1C-03B3-41B1-A15E-E23FF6877939}.Debug|Any CPU.ActiveCfg = Debug|Any CPU
		{D52F3B1C-03B3-41B1-A15E-E23FF6877939}.Debug|Any CPU.Build.0 = Debug|Any CPU
		{D52F3B1C-03B3-41B1-A15E-E23FF6877939}.Release|Any CPU.ActiveCfg = Release|Any CPU
		{D52F3B1C-03B3-41B1-A15E-E23FF6877939}.Release|Any CPU.Build.0 = Release|Any CPU
	EndGlobalSection
	GlobalSection(SolutionProperties) = preSolution
		HideSolutionNode = FALSE
	EndGlobalSection
	GlobalSection(NestedProjects) = preSolution
		{779E62B3-C5A6-494D-9D87-96C0DEC7FFB0} = {68ED7CF2-8E33-460B-AF18-15143BF954F6}
		{D52F3B1C-03B3-41B1-A15E-E23FF6877939} = {68ED7CF2-8E33-460B-AF18-15143BF954F6}
	EndGlobalSection
	GlobalSection(ExtensibilityGlobals) = postSolution
		SolutionGuid = {223C1782-9064-416B-B539-EEBCABF427F5}
	EndGlobalSection
EndGlobal
